{
  "name": "maharbote",
  "version": "1.0.0",
  "lockfileVersion": 2,
  "requires": true,
  "packages": {
    "": {
      "name": "maharbote",
      "version": "1.0.0",
      "license": "ISC",
      "dependencies": {
        "num-2-myanmar-english": "^1.0.0"
      }
    },
    "node_modules/num-2-myanmar-english": {
      "version": "1.0.0",
      "resolved": "https://registry.npmjs.org/num-2-myanmar-english/-/num-2-myanmar-english-1.0.0.tgz",
      "integrity": "sha512-LjDUVeDx7K0Pb7TYqmIO7VWVBG8djTHW0DM7M1EK0G7vyNhZtCHgkfQAaAOIAX9pAJlMOjNqvy2lXQMPKugbmg=="
    }
  },
  "dependencies": {
    "num-2-myanmar-english": {
      "version": "1.0.0",
      "resolved": "https://registry.npmjs.org/num-2-myanmar-english/-/num-2-myanmar-english-1.0.0.tgz",
      "integrity": "sha512-LjDUVeDx7K0Pb7TYqmIO7VWVBG8djTHW0DM7M1EK0G7vyNhZtCHgkfQAaAOIAX9pAJlMOjNqvy2lXQMPKugbmg=="
    }
  }
}
